
Microsoft Visual Studio Solution File, Format Version 12.00
# Visual Studio Version 17
VisualStudioVersion = 17.4.33205.214
MinimumVisualStudioVersion = 10.0.40219.1
Project("{FAE04EC0-301F-11D3-BF4B-00C04F79EFBC}") = "WebApplication1", "WebApplication1\WebApplication1.csproj", "{8A36F616-6421-45FC-97DC-404C95879004}"
EndProject
Global
	GlobalSection(SolutionConfigurationPlatforms) = preSolution
		Debug|Any CPU = Debug|Any CPU
		Release|Any CPU = Release|Any CPU
	EndGlobalSection
	GlobalSection(ProjectConfigurationPlatforms) = postSolution
		{8A36F616-6421-45FC-97DC-404C95879004}.Debug|Any CPU.ActiveCfg = Debug|Any CPU
		{8A36F616-6421-45FC-97DC-404C95879004}.Debug|Any CPU.Build.0 = Debug|Any CPU
		{8A36F616-6421-45FC-97DC-404C95879004}.Release|Any CPU.ActiveCfg = Release|Any CPU
		{8A36F616-6421-45FC-97DC-404C95879004}.Release|Any CPU.Build.0 = Release|Any CPU
	EndGlobalSection
	GlobalSection(SolutionProperties) = preSolution
		HideSolutionNode = FALSE
	EndGlobalSection
	GlobalSection(ExtensibilityGlobals) = postSolution
		SolutionGuid = {F90C26A2-5439-45F4-9A5E-C11AEEA8DE00}
	EndGlobalSection
EndGlobal
